
Microsoft Visual Studio Solution File, Format Version 12.00
# Visual Studio Version 16
VisualStudioVersion = 16.0.29911.84
MinimumVisualStudioVersion = 10.0.40219.1
Project("{FAE04EC0-301F-11D3-BF4B-00C04F79EFBC}") = "Server", "Server\Server.csproj", "{A36F4D06-83AA-4023-90D3-688C54837D76}"
EndProject
Project("{FAE04EC0-301F-11D3-BF4B-00C04F79EFBC}") = "Client", "Client\Client.csproj", "{D675A48D-603F-4EFE-9F02-B84FE5771036}"
EndProject
Global
	GlobalSection(SolutionConfigurationPlatforms) = preSolution
		Debug|Any CPU = Debug|Any CPU
		Release|Any CPU = Release|Any CPU
	EndGlobalSection
	GlobalSection(ProjectConfigurationPlatforms) = postSolution
		{A36F4D06-83AA-4023-90D3-688C54837D76}.Debug|Any CPU.ActiveCfg = Debug|Any CPU
		{A36F4D06-83AA-4023-90D3-688C54837D76}.Debug|Any CPU.Build.0 = Debug|Any CPU
		{A36F4D06-83AA-4023-90D3-688C54837D76}.Release|Any CPU.ActiveCfg = Release|Any CPU
		{A36F4D06-83AA-4023-90D3-688C54837D76}.Release|Any CPU.Build.0 = Release|Any CPU
		{D675A48D-603F-4EFE-9F02-B84FE5771036}.Debug|Any CPU.ActiveCfg = Debug|Any CPU
		{D675A48D-603F-4EFE-9F02-B84FE5771036}.Debug|Any CPU.Build.0 = Debug|Any CPU
		{D675A48D-603F-4EFE-9F02-B84FE5771036}.Release|Any CPU.ActiveCfg = Release|Any CPU
		{D675A48D-603F-4EFE-9F02-B84FE5771036}.Release|Any CPU.Build.0 = Release|Any CPU
	EndGlobalSection
	GlobalSection(SolutionProperties) = preSolution
		HideSolutionNode = FALSE
	EndGlobalSection
	GlobalSection(ExtensibilityGlobals) = postSolution
		SolutionGuid = {888B32AF-F97B-4B8F-8050-24EC1532A15C}
	EndGlobalSection
EndGlobal
