
Microsoft Visual Studio Solution File, Format Version 12.00
# Visual Studio Version 16
VisualStudioVersion = 16.0.29911.84
MinimumVisualStudioVersion = 10.0.40219.1
Project("{FAE04EC0-301F-11D3-BF4B-00C04F79EFBC}") = "Client", "client\Client.csproj", "{20C5F50E-7879-4FB4-870A-E8FA39AE2FC0}"
EndProject
Project("{FAE04EC0-301F-11D3-BF4B-00C04F79EFBC}") = "Server", "Server\Server.csproj", "{A890B925-2476-43C5-919B-6FCAC58A303C}"
EndProject
Global
	GlobalSection(SolutionConfigurationPlatforms) = preSolution
		Debug|Any CPU = Debug|Any CPU
		Release|Any CPU = Release|Any CPU
	EndGlobalSection
	GlobalSection(ProjectConfigurationPlatforms) = postSolution
		{20C5F50E-7879-4FB4-870A-E8FA39AE2FC0}.Debug|Any CPU.ActiveCfg = Debug|Any CPU
		{20C5F50E-7879-4FB4-870A-E8FA39AE2FC0}.Debug|Any CPU.Build.0 = Debug|Any CPU
		{20C5F50E-7879-4FB4-870A-E8FA39AE2FC0}.Release|Any CPU.ActiveCfg = Release|Any CPU
		{20C5F50E-7879-4FB4-870A-E8FA39AE2FC0}.Release|Any CPU.Build.0 = Release|Any CPU
		{A890B925-2476-43C5-919B-6FCAC58A303C}.Debug|Any CPU.ActiveCfg = Debug|Any CPU
		{A890B925-2476-43C5-919B-6FCAC58A303C}.Debug|Any CPU.Build.0 = Debug|Any CPU
		{A890B925-2476-43C5-919B-6FCAC58A303C}.Release|Any CPU.ActiveCfg = Release|Any CPU
		{A890B925-2476-43C5-919B-6FCAC58A303C}.Release|Any CPU.Build.0 = Release|Any CPU
	EndGlobalSection
	GlobalSection(SolutionProperties) = preSolution
		HideSolutionNode = FALSE
	EndGlobalSection
	GlobalSection(ExtensibilityGlobals) = postSolution
		SolutionGuid = {633C3F05-9372-43F4-A078-4A257DD1C66A}
	EndGlobalSection
EndGlobal
