
Microsoft Visual Studio Solution File, Format Version 12.00
# Visual Studio Version 16
VisualStudioVersion = 16.0.30002.166
MinimumVisualStudioVersion = 10.0.40219.1
Project("{FAE04EC0-301F-11D3-BF4B-00C04F79EFBC}") = "Homework2", "Homework2.csproj", "{608493CE-2E77-4058-B1FA-3016CEF37F63}"
EndProject
Project("{FAE04EC0-301F-11D3-BF4B-00C04F79EFBC}") = "Homework2_client", "..\Homework2_client\Homework2_client.csproj", "{C8E59574-D85A-4BF4-B2D9-EE35DA5BD72A}"
EndProject
Project("{FAE04EC0-301F-11D3-BF4B-00C04F79EFBC}") = "ClassLibrary1", "..\ClassLibrary1\ClassLibrary1.csproj", "{ACF68F9B-B863-4AA8-A0BE-6062FA4EE19E}"
EndProject
Global
	GlobalSection(SolutionConfigurationPlatforms) = preSolution
		Debug|Any CPU = Debug|Any CPU
		Release|Any CPU = Release|Any CPU
	EndGlobalSection
	GlobalSection(ProjectConfigurationPlatforms) = postSolution
		{608493CE-2E77-4058-B1FA-3016CEF37F63}.Debug|Any CPU.ActiveCfg = Debug|Any CPU
		{608493CE-2E77-4058-B1FA-3016CEF37F63}.Debug|Any CPU.Build.0 = Debug|Any CPU
		{608493CE-2E77-4058-B1FA-3016CEF37F63}.Release|Any CPU.ActiveCfg = Release|Any CPU
		{608493CE-2E77-4058-B1FA-3016CEF37F63}.Release|Any CPU.Build.0 = Release|Any CPU
		{C8E59574-D85A-4BF4-B2D9-EE35DA5BD72A}.Debug|Any CPU.ActiveCfg = Debug|Any CPU
		{C8E59574-D85A-4BF4-B2D9-EE35DA5BD72A}.Debug|Any CPU.Build.0 = Debug|Any CPU
		{C8E59574-D85A-4BF4-B2D9-EE35DA5BD72A}.Release|Any CPU.ActiveCfg = Release|Any CPU
		{C8E59574-D85A-4BF4-B2D9-EE35DA5BD72A}.Release|Any CPU.Build.0 = Release|Any CPU
		{ACF68F9B-B863-4AA8-A0BE-6062FA4EE19E}.Debug|Any CPU.ActiveCfg = Debug|Any CPU
		{ACF68F9B-B863-4AA8-A0BE-6062FA4EE19E}.Debug|Any CPU.Build.0 = Debug|Any CPU
		{ACF68F9B-B863-4AA8-A0BE-6062FA4EE19E}.Release|Any CPU.ActiveCfg = Release|Any CPU
		{ACF68F9B-B863-4AA8-A0BE-6062FA4EE19E}.Release|Any CPU.Build.0 = Release|Any CPU
	EndGlobalSection
	GlobalSection(SolutionProperties) = preSolution
		HideSolutionNode = FALSE
	EndGlobalSection
	GlobalSection(ExtensibilityGlobals) = postSolution
		SolutionGuid = {C1FA60B9-4F44-470B-9747-F6F6AACAAC50}
	EndGlobalSection
EndGlobal
